
Microsoft Visual Studio Solution File, Format Version 12.00
# Visual Studio Version 17
VisualStudioVersion = 17.12.35527.113 d17.12
MinimumVisualStudioVersion = 10.0.40219.1
Project("{FAE04EC0-301F-11D3-BF4B-00C04F79EFBC}") = "MyPlugin", "MyPlugin\MyPlugin.csproj", "{0059DEA6-DCC1-4FB0-8A4D-C4D63162A44E}"
EndProject
Project("{FAE04EC0-301F-11D3-BF4B-00C04F79EFBC}") = "TestePlugin", "TestePlugin\TestePlugin.csproj", "{54CC83B2-6B56-46DA-994B-D1348BD086EB}"
EndProject
Global
	GlobalSection(SolutionConfigurationPlatforms) = preSolution
		Debug|Any CPU = Debug|Any CPU
		Release|Any CPU = Release|Any CPU
	EndGlobalSection
	GlobalSection(ProjectConfigurationPlatforms) = postSolution
		{0059DEA6-DCC1-4FB0-8A4D-C4D63162A44E}.Debug|Any CPU.ActiveCfg = Debug|Any CPU
		{0059DEA6-DCC1-4FB0-8A4D-C4D63162A44E}.Debug|Any CPU.Build.0 = Debug|Any CPU
		{0059DEA6-DCC1-4FB0-8A4D-C4D63162A44E}.Release|Any CPU.ActiveCfg = Release|Any CPU
		{0059DEA6-DCC1-4FB0-8A4D-C4D63162A44E}.Release|Any CPU.Build.0 = Release|Any CPU
		{54CC83B2-6B56-46DA-994B-D1348BD086EB}.Debug|Any CPU.ActiveCfg = Debug|Any CPU
		{54CC83B2-6B56-46DA-994B-D1348BD086EB}.Debug|Any CPU.Build.0 = Debug|Any CPU
		{54CC83B2-6B56-46DA-994B-D1348BD086EB}.Release|Any CPU.ActiveCfg = Release|Any CPU
		{54CC83B2-6B56-46DA-994B-D1348BD086EB}.Release|Any CPU.Build.0 = Release|Any CPU
	EndGlobalSection
	GlobalSection(SolutionProperties) = preSolution
		HideSolutionNode = FALSE
	EndGlobalSection
EndGlobal
